
Microsoft Visual Studio Solution File, Format Version 12.00
# Visual Studio Version 17
VisualStudioVersion = 17.9.34728.123
MinimumVisualStudioVersion = 10.0.40219.1
Project("{FAE04EC0-301F-11D3-BF4B-00C04F79EFBC}") = "NoteApp", "NoteApp\NoteApp.csproj", "{C8C4B34C-2771-4550-8494-84D3F4B37B1F}"
EndProject
Global
	GlobalSection(SolutionConfigurationPlatforms) = preSolution
		Debug|Any CPU = Debug|Any CPU
		Release|Any CPU = Release|Any CPU
	EndGlobalSection
	GlobalSection(ProjectConfigurationPlatforms) = postSolution
		{C8C4B34C-2771-4550-8494-84D3F4B37B1F}.Debug|Any CPU.ActiveCfg = Debug|Any CPU
		{C8C4B34C-2771-4550-8494-84D3F4B37B1F}.Debug|Any CPU.Build.0 = Debug|Any CPU
		{C8C4B34C-2771-4550-8494-84D3F4B37B1F}.Release|Any CPU.ActiveCfg = Release|Any CPU
		{C8C4B34C-2771-4550-8494-84D3F4B37B1F}.Release|Any CPU.Build.0 = Release|Any CPU
	EndGlobalSection
	GlobalSection(SolutionProperties) = preSolution
		HideSolutionNode = FALSE
	EndGlobalSection
	GlobalSection(ExtensibilityGlobals) = postSolution
		SolutionGuid = {D13CE659-6DAD-4C8D-82CB-336D9DE33B1B}
	EndGlobalSection
EndGlobal
